
Microsoft Visual Studio Solution File, Format Version 12.00
# Visual Studio Version 17
VisualStudioVersion = 17.2.32616.157
MinimumVisualStudioVersion = 10.0.40219.1
Project("{9A19103F-16F7-4668-BE54-9A1E7A4F7556}") = "WeatherHistory.Server", "WeatherHistory\Server\WeatherHistory.Server.csproj", "{B75D90CC-B59A-4BD0-BCF6-3D4897E49E78}"
EndProject
Project("{9A19103F-16F7-4668-BE54-9A1E7A4F7556}") = "WeatherHistory.Client", "WeatherHistory\Client\WeatherHistory.Client.csproj", "{6C5E207D-F81C-4E09-8499-2531A74CD972}"
EndProject
Project("{9A19103F-16F7-4668-BE54-9A1E7A4F7556}") = "WeatherHistory.Shared", "WeatherHistory\Shared\WeatherHistory.Shared.csproj", "{EF2FB724-BFAA-4A57-8AF1-7F416338EA1B}"
EndProject
Global
	GlobalSection(SolutionConfigurationPlatforms) = preSolution
		Debug|Any CPU = Debug|Any CPU
		Release|Any CPU = Release|Any CPU
	EndGlobalSection
	GlobalSection(ProjectConfigurationPlatforms) = postSolution
		{B75D90CC-B59A-4BD0-BCF6-3D4897E49E78}.Debug|Any CPU.ActiveCfg = Debug|Any CPU
		{B75D90CC-B59A-4BD0-BCF6-3D4897E49E78}.Debug|Any CPU.Build.0 = Debug|Any CPU
		{B75D90CC-B59A-4BD0-BCF6-3D4897E49E78}.Release|Any CPU.ActiveCfg = Release|Any CPU
		{B75D90CC-B59A-4BD0-BCF6-3D4897E49E78}.Release|Any CPU.Build.0 = Release|Any CPU
		{6C5E207D-F81C-4E09-8499-2531A74CD972}.Debug|Any CPU.ActiveCfg = Debug|Any CPU
		{6C5E207D-F81C-4E09-8499-2531A74CD972}.Debug|Any CPU.Build.0 = Debug|Any CPU
		{6C5E207D-F81C-4E09-8499-2531A74CD972}.Release|Any CPU.ActiveCfg = Release|Any CPU
		{6C5E207D-F81C-4E09-8499-2531A74CD972}.Release|Any CPU.Build.0 = Release|Any CPU
		{EF2FB724-BFAA-4A57-8AF1-7F416338EA1B}.Debug|Any CPU.ActiveCfg = Debug|Any CPU
		{EF2FB724-BFAA-4A57-8AF1-7F416338EA1B}.Debug|Any CPU.Build.0 = Debug|Any CPU
		{EF2FB724-BFAA-4A57-8AF1-7F416338EA1B}.Release|Any CPU.ActiveCfg = Release|Any CPU
		{EF2FB724-BFAA-4A57-8AF1-7F416338EA1B}.Release|Any CPU.Build.0 = Release|Any CPU
	EndGlobalSection
	GlobalSection(SolutionProperties) = preSolution
		HideSolutionNode = FALSE
	EndGlobalSection
	GlobalSection(ExtensibilityGlobals) = postSolution
		SolutionGuid = {18C5846D-7F44-4D74-AFC2-35179B904802}
	EndGlobalSection
EndGlobal
